
Microsoft Visual Studio Solution File, Format Version 12.00
# Visual Studio Version 17
VisualStudioVersion = 17.9.34723.18
MinimumVisualStudioVersion = 10.0.40219.1
Project("{9A19103F-16F7-4668-BE54-9A1E7A4F7556}") = "MentorInClass", "MentorInClass\MentorInClass.csproj", "{E17C5036-CD7A-417E-B1C7-079804D4F7EA}"
EndProject
Global
	GlobalSection(SolutionConfigurationPlatforms) = preSolution
		Debug|Any CPU = Debug|Any CPU
		Release|Any CPU = Release|Any CPU
	EndGlobalSection
	GlobalSection(ProjectConfigurationPlatforms) = postSolution
		{E17C5036-CD7A-417E-B1C7-079804D4F7EA}.Debug|Any CPU.ActiveCfg = Debug|Any CPU
		{E17C5036-CD7A-417E-B1C7-079804D4F7EA}.Debug|Any CPU.Build.0 = Debug|Any CPU
		{E17C5036-CD7A-417E-B1C7-079804D4F7EA}.Release|Any CPU.ActiveCfg = Release|Any CPU
		{E17C5036-CD7A-417E-B1C7-079804D4F7EA}.Release|Any CPU.Build.0 = Release|Any CPU
	EndGlobalSection
	GlobalSection(SolutionProperties) = preSolution
		HideSolutionNode = FALSE
	EndGlobalSection
	GlobalSection(ExtensibilityGlobals) = postSolution
		SolutionGuid = {EFDAC5BC-61BD-4795-A1BE-E0869CD0E943}
	EndGlobalSection
EndGlobal
